
Microsoft Visual Studio Solution File, Format Version 12.00
# Visual Studio Version 17
VisualStudioVersion = 17.4.33213.308
MinimumVisualStudioVersion = 10.0.40219.1
Project("{2150E333-8FDC-42A3-9474-1A3956D46DE8}") = "src", "src", "{9016CF88-4100-425F-9E1A-B6099F55A35B}"
EndProject
Project("{2150E333-8FDC-42A3-9474-1A3956D46DE8}") = "tests", "tests", "{60FE2678-84CF-492C-950D-3485582F6712}"
EndProject
Project("{2150E333-8FDC-42A3-9474-1A3956D46DE8}") = "docs", "docs", "{0CD38EC5-C4AB-491A-B6EA-D6C608F68157}"
	ProjectSection(SolutionItems) = preProject
		code-of-conduct.md = code-of-conduct.md
		CONTRIBUTING.md = CONTRIBUTING.md
		LICENSE = LICENSE
		MAINTAINERS.md = MAINTAINERS.md
		maintainer_guidelines.md = maintainer_guidelines.md
		README.md = README.md
	EndProjectSection
EndProject
Project("{2150E333-8FDC-42A3-9474-1A3956D46DE8}") = "solution", "solution", "{F3B6D944-46DA-4CAF-A8BE-0C8F230869F9}"
	ProjectSection(SolutionItems) = preProject
		.editorconfig = .editorconfig
	EndProjectSection
EndProject
Project("{9A19103F-16F7-4668-BE54-9A1E7A4F7556}") = "ServerlessWorkflow.Sdk", "src\ServerlessWorkflow.Sdk\ServerlessWorkflow.Sdk.csproj", "{8D4E5FB8-79BC-442B-852F-5891B39A5A1C}"
EndProject
Project("{9A19103F-16F7-4668-BE54-9A1E7A4F7556}") = "ServerlessWorkflow.Sdk.Builders", "src\ServerlessWorkflow.Sdk.Builders\ServerlessWorkflow.Sdk.Builders.csproj", "{53A4A0D8-E2F4-43BC-808F-37B1EB7837DE}"
EndProject
Project("{9A19103F-16F7-4668-BE54-9A1E7A4F7556}") = "ServerlessWorkflow.Sdk.IO", "src\ServerlessWorkflow.Sdk.IO\ServerlessWorkflow.Sdk.IO.csproj", "{9993989F-B8D6-481C-A59C-A76070CA32F4}"
EndProject
Project("{9A19103F-16F7-4668-BE54-9A1E7A4F7556}") = "ServerlessWorkflow.Sdk.UnitTests", "tests\ServerlessWorkflow.Sdk.UnitTests\ServerlessWorkflow.Sdk.UnitTests.csproj", "{7BFC0DDB-7864-4C5A-AC91-EB7B3E93242E}"
EndProject
Project("{2150E333-8FDC-42A3-9474-1A3956D46DE8}") = ".github", ".github", "{A8E842C3-60C4-46A7-A2D7-57C28BA151E6}"
	ProjectSection(SolutionItems) = preProject
		.github\PULL_REQUEST_TEMPLATE.md = .github\PULL_REQUEST_TEMPLATE.md
	EndProjectSection
EndProject
Project("{2150E333-8FDC-42A3-9474-1A3956D46DE8}") = "ISSUE_TEMPLATE", "ISSUE_TEMPLATE", "{3327DDB8-87C1-4A08-9221-A8CD1450DD12}"
EndProject
Project("{2150E333-8FDC-42A3-9474-1A3956D46DE8}") = "workflows", "workflows", "{8BA94EDE-CE8B-4476-A58F-50162B06EE71}"
	ProjectSection(SolutionItems) = preProject
		.github\workflows\build-dotnet.yml = .github\workflows\build-dotnet.yml
		.github\workflows\ci-pipeline.yml = .github\workflows\ci-pipeline.yml
		.github\workflows\publish.yml = .github\workflows\publish.yml
		.github\workflows\release.yml = .github\workflows\release.yml
		.github\workflows\test-dotnet.yml = .github\workflows\test-dotnet.yml
		.github\workflows\versioning.yml = .github\workflows\versioning.yml
	EndProjectSection
EndProject
Global
	GlobalSection(SolutionConfigurationPlatforms) = preSolution
		Debug|Any CPU = Debug|Any CPU
		Release|Any CPU = Release|Any CPU
	EndGlobalSection
	GlobalSection(ProjectConfigurationPlatforms) = postSolution
		{8D4E5FB8-79BC-442B-852F-5891B39A5A1C}.Debug|Any CPU.ActiveCfg = Debug|Any CPU
		{8D4E5FB8-79BC-442B-852F-5891B39A5A1C}.Debug|Any CPU.Build.0 = Debug|Any CPU
		{8D4E5FB8-79BC-442B-852F-5891B39A5A1C}.Release|Any CPU.ActiveCfg = Release|Any CPU
		{8D4E5FB8-79BC-442B-852F-5891B39A5A1C}.Release|Any CPU.Build.0 = Release|Any CPU
		{53A4A0D8-E2F4-43BC-808F-37B1EB7837DE}.Debug|Any CPU.ActiveCfg = Debug|Any CPU
		{53A4A0D8-E2F4-43BC-808F-37B1EB7837DE}.Debug|Any CPU.Build.0 = Debug|Any CPU
		{53A4A0D8-E2F4-43BC-808F-37B1EB7837DE}.Release|Any CPU.ActiveCfg = Release|Any CPU
		{53A4A0D8-E2F4-43BC-808F-37B1EB7837DE}.Release|Any CPU.Build.0 = Release|Any CPU
		{9993989F-B8D6-481C-A59C-A76070CA32F4}.Debug|Any CPU.ActiveCfg = Debug|Any CPU
		{9993989F-B8D6-481C-A59C-A76070CA32F4}.Debug|Any CPU.Build.0 = Debug|Any CPU
		{9993989F-B8D6-481C-A59C-A76070CA32F4}.Release|Any CPU.ActiveCfg = Release|Any CPU
		{9993989F-B8D6-481C-A59C-A76070CA32F4}.Release|Any CPU.Build.0 = Release|Any CPU
		{7BFC0DDB-7864-4C5A-AC91-EB7B3E93242E}.Debug|Any CPU.ActiveCfg = Debug|Any CPU
		{7BFC0DDB-7864-4C5A-AC91-EB7B3E93242E}.Debug|Any CPU.Build.0 = Debug|Any CPU
		{7BFC0DDB-7864-4C5A-AC91-EB7B3E93242E}.Release|Any CPU.ActiveCfg = Release|Any CPU
		{7BFC0DDB-7864-4C5A-AC91-EB7B3E93242E}.Release|Any CPU.Build.0 = Release|Any CPU
	EndGlobalSection
	GlobalSection(SolutionProperties) = preSolution
		HideSolutionNode = FALSE
	EndGlobalSection
	GlobalSection(NestedProjects) = preSolution
		{8D4E5FB8-79BC-442B-852F-5891B39A5A1C} = {9016CF88-4100-425F-9E1A-B6099F55A35B}
		{53A4A0D8-E2F4-43BC-808F-37B1EB7837DE} = {9016CF88-4100-425F-9E1A-B6099F55A35B}
		{9993989F-B8D6-481C-A59C-A76070CA32F4} = {9016CF88-4100-425F-9E1A-B6099F55A35B}
		{7BFC0DDB-7864-4C5A-AC91-EB7B3E93242E} = {60FE2678-84CF-492C-950D-3485582F6712}
		{3327DDB8-87C1-4A08-9221-A8CD1450DD12} = {A8E842C3-60C4-46A7-A2D7-57C28BA151E6}
		{8BA94EDE-CE8B-4476-A58F-50162B06EE71} = {A8E842C3-60C4-46A7-A2D7-57C28BA151E6}
	EndGlobalSection
	GlobalSection(ExtensibilityGlobals) = postSolution
		SolutionGuid = {1402FB0B-4169-41A6-A372-DA260E79481B}
	EndGlobalSection
EndGlobal
