<Solution>
  <Folder Name="/docs/">
    <File Path="CODE_OF_CONDUCT.md" />
    <File Path="CONTRIBUTING.md" />
    <File Path="LICENSE" />
    <File Path="MAINTAINERS.md" />
    <File Path="maintainer_guidelines.md" />
    <File Path="README.md" />
    <File Path="SECURITY.md" />
  </Folder>
  <Folder Name="/src/">
    <Project Path="src/ServerlessWorkflow.Sdk.Runtime.Abstractions/ServerlessWorkflow.Sdk.Runtime.Abstractions.csproj" />
    <Project Path="src/ServerlessWorkflow.Sdk/ServerlessWorkflow.Sdk.csproj" />
  </Folder>
  <Folder Name="/tests/">
    <Project Path="tests/ServerlessWorkflow.Sdk.UnitTests/ServerlessWorkflow.Sdk.UnitTests.csproj" Id="e9c6b522-c1a1-4385-b0ba-bc973f616cf5" />
  </Folder>
</Solution>
